// !$*UTF8*$!
{
	archiveVersion = 1;
	classes = {
	};
	objectVersion = 56;
	objects = {

/* Begin PBXBuildFile section */
		7C2FCD9829E34B8C00C9DA88 /* Login in Frameworks */ = {isa = PBXBuildFile; productRef = 7C2FCD9729E34B8C00C9DA88 /* Login */; settings = {ATTRIBUTES = (Required, ); }; };
		7C9ABBA329E1903B00602EB1 /* ApplicationDelegate.swift in Sources */ = {isa = PBXBuildFile; fileRef = 7C9ABBA229E1903B00602EB1 /* ApplicationDelegate.swift */; };
		7C9ABBA629E190CC00602EB1 /* SceneDelegate.swift in Sources */ = {isa = PBXBuildFile; fileRef = 7C9ABBA529E190CC00602EB1 /* SceneDelegate.swift */; };
		7C9ABBA829E1912700602EB1 /* ApplicationBootstrap.swift in Sources */ = {isa = PBXBuildFile; fileRef = 7C9ABBA729E1912700602EB1 /* ApplicationBootstrap.swift */; };
		7CB9D4CA29E0484A007005F0 /* Assets.xcassets in Resources */ = {isa = PBXBuildFile; fileRef = 7CB9D4C929E0484A007005F0 /* Assets.xcassets */; };
		7CB9D4CD29E0484A007005F0 /* Preview Assets.xcassets in Resources */ = {isa = PBXBuildFile; fileRef = 7CB9D4CC29E0484A007005F0 /* Preview Assets.xcassets */; };
		7CB9D4D729E0484A007005F0 /* FolderifyTests.swift in Sources */ = {isa = PBXBuildFile; fileRef = 7CB9D4D629E0484A007005F0 /* FolderifyTests.swift */; };
		7CB9D4E129E0484A007005F0 /* FolderifyUITests.swift in Sources */ = {isa = PBXBuildFile; fileRef = 7CB9D4E029E0484A007005F0 /* FolderifyUITests.swift */; };
		7CB9D4F629E0487B007005F0 /* FolderifySnapshotTests.swift in Sources */ = {isa = PBXBuildFile; fileRef = 7CB9D4F529E0487B007005F0 /* FolderifySnapshotTests.swift */; };
		7CD731F229E063AD00C8B6FE /* Architecture in Frameworks */ = {isa = PBXBuildFile; productRef = 7CD731F129E063AD00C8B6FE /* Architecture */; };
		7CD731F429E063AD00C8B6FE /* DesignSystem in Frameworks */ = {isa = PBXBuildFile; productRef = 7CD731F329E063AD00C8B6FE /* DesignSystem */; };
		7CD731F629E063AD00C8B6FE /* FolderViewer in Frameworks */ = {isa = PBXBuildFile; productRef = 7CD731F529E063AD00C8B6FE /* FolderViewer */; };
		7CD731FA29E063AD00C8B6FE /* Networking in Frameworks */ = {isa = PBXBuildFile; productRef = 7CD731F929E063AD00C8B6FE /* Networking */; };
		7CD731FC29E063AD00C8B6FE /* Prelude in Frameworks */ = {isa = PBXBuildFile; productRef = 7CD731FB29E063AD00C8B6FE /* Prelude */; };
		7CD731FE29E063AD00C8B6FE /* World in Frameworks */ = {isa = PBXBuildFile; productRef = 7CD731FD29E063AD00C8B6FE /* World */; };
/* End PBXBuildFile section */

/* Begin PBXContainerItemProxy section */
		7CB9D4D329E0484A007005F0 /* PBXContainerItemProxy */ = {
			isa = PBXContainerItemProxy;
			containerPortal = 7CB9D4BA29E04849007005F0 /* Project object */;
			proxyType = 1;
			remoteGlobalIDString = 7CB9D4C129E04849007005F0;
			remoteInfo = Folderify;
		};
		7CB9D4DD29E0484A007005F0 /* PBXContainerItemProxy */ = {
			isa = PBXContainerItemProxy;
			containerPortal = 7CB9D4BA29E04849007005F0 /* Project object */;
			proxyType = 1;
			remoteGlobalIDString = 7CB9D4C129E04849007005F0;
			remoteInfo = Folderify;
		};
		7CB9D4F729E0487B007005F0 /* PBXContainerItemProxy */ = {
			isa = PBXContainerItemProxy;
			containerPortal = 7CB9D4BA29E04849007005F0 /* Project object */;
			proxyType = 1;
			remoteGlobalIDString = 7CB9D4C129E04849007005F0;
			remoteInfo = Folderify;
		};
/* End PBXContainerItemProxy section */

/* Begin PBXFileReference section */
		7C2FCD9A29E34CDC00C9DA88 /* CoreAudioTypes.framework */ = {isa = PBXFileReference; lastKnownFileType = wrapper.framework; name = CoreAudioTypes.framework; path = System/Library/Frameworks/CoreAudioTypes.framework; sourceTree = SDKROOT; };
		7C9ABBA229E1903B00602EB1 /* ApplicationDelegate.swift */ = {isa = PBXFileReference; lastKnownFileType = sourcecode.swift; path = ApplicationDelegate.swift; sourceTree = "<group>"; };
		7C9ABBA529E190CC00602EB1 /* SceneDelegate.swift */ = {isa = PBXFileReference; lastKnownFileType = sourcecode.swift; path = SceneDelegate.swift; sourceTree = "<group>"; };
		7C9ABBA729E1912700602EB1 /* ApplicationBootstrap.swift */ = {isa = PBXFileReference; lastKnownFileType = sourcecode.swift; path = ApplicationBootstrap.swift; sourceTree = "<group>"; };
		7C9ABBA929E1937300602EB1 /* Info.plist */ = {isa = PBXFileReference; lastKnownFileType = text.plist; path = Info.plist; sourceTree = "<group>"; };
		7CB9D4C229E04849007005F0 /* Folderify.app */ = {isa = PBXFileReference; explicitFileType = wrapper.application; includeInIndex = 0; path = Folderify.app; sourceTree = BUILT_PRODUCTS_DIR; };
		7CB9D4C929E0484A007005F0 /* Assets.xcassets */ = {isa = PBXFileReference; lastKnownFileType = folder.assetcatalog; path = Assets.xcassets; sourceTree = "<group>"; };
		7CB9D4CC29E0484A007005F0 /* Preview Assets.xcassets */ = {isa = PBXFileReference; lastKnownFileType = folder.assetcatalog; path = "Preview Assets.xcassets"; sourceTree = "<group>"; };
		7CB9D4D229E0484A007005F0 /* FolderifyUnitTests.xctest */ = {isa = PBXFileReference; explicitFileType = wrapper.cfbundle; includeInIndex = 0; path = FolderifyUnitTests.xctest; sourceTree = BUILT_PRODUCTS_DIR; };
		7CB9D4D629E0484A007005F0 /* FolderifyTests.swift */ = {isa = PBXFileReference; lastKnownFileType = sourcecode.swift; path = FolderifyTests.swift; sourceTree = "<group>"; };
		7CB9D4DC29E0484A007005F0 /* FolderifyUITests.xctest */ = {isa = PBXFileReference; explicitFileType = wrapper.cfbundle; includeInIndex = 0; path = FolderifyUITests.xctest; sourceTree = BUILT_PRODUCTS_DIR; };
		7CB9D4E029E0484A007005F0 /* FolderifyUITests.swift */ = {isa = PBXFileReference; lastKnownFileType = sourcecode.swift; path = FolderifyUITests.swift; sourceTree = "<group>"; };
		7CB9D4F329E0487B007005F0 /* FolderifySnapshotTests.xctest */ = {isa = PBXFileReference; explicitFileType = wrapper.cfbundle; includeInIndex = 0; path = FolderifySnapshotTests.xctest; sourceTree = BUILT_PRODUCTS_DIR; };
		7CB9D4F529E0487B007005F0 /* FolderifySnapshotTests.swift */ = {isa = PBXFileReference; lastKnownFileType = sourcecode.swift; path = FolderifySnapshotTests.swift; sourceTree = "<group>"; };
		7CB9D4FC29E04AAD007005F0 /* Architecture */ = {isa = PBXFileReference; lastKnownFileType = wrapper; path = Architecture; sourceTree = "<group>"; };
		7CDFD8BB29E0531600356350 /* DesignSystem */ = {isa = PBXFileReference; lastKnownFileType = wrapper; path = DesignSystem; sourceTree = "<group>"; };
		7CDFD8BC29E0535200356350 /* Networking */ = {isa = PBXFileReference; lastKnownFileType = wrapper; path = Networking; sourceTree = "<group>"; };
		7CDFD8BD29E0537C00356350 /* Prelude */ = {isa = PBXFileReference; lastKnownFileType = wrapper; path = Prelude; sourceTree = "<group>"; };
		7CDFD8BE29E053F700356350 /* Login */ = {isa = PBXFileReference; lastKnownFileType = wrapper; path = Login; sourceTree = "<group>"; };
		7CDFD8BF29E0548F00356350 /* FolderViewer */ = {isa = PBXFileReference; lastKnownFileType = wrapper; path = FolderViewer; sourceTree = "<group>"; };
		7CDFD8C429E0575400356350 /* World */ = {isa = PBXFileReference; lastKnownFileType = text; name = World; path = Modules/World; sourceTree = SOURCE_ROOT; };
/* End PBXFileReference section */

/* Begin PBXFrameworksBuildPhase section */
		7CB9D4BF29E04849007005F0 /* Frameworks */ = {
			isa = PBXFrameworksBuildPhase;
			buildActionMask = 2147483647;
			files = (
				7CD731FC29E063AD00C8B6FE /* Prelude in Frameworks */,
				7CD731FE29E063AD00C8B6FE /* World in Frameworks */,
				7CD731F229E063AD00C8B6FE /* Architecture in Frameworks */,
				7C2FCD9829E34B8C00C9DA88 /* Login in Frameworks */,
				7CD731F629E063AD00C8B6FE /* FolderViewer in Frameworks */,
				7CD731FA29E063AD00C8B6FE /* Networking in Frameworks */,
				7CD731F429E063AD00C8B6FE /* DesignSystem in Frameworks */,
			);
			runOnlyForDeploymentPostprocessing = 0;
		};
		7CB9D4CF29E0484A007005F0 /* Frameworks */ = {
			isa = PBXFrameworksBuildPhase;
			buildActionMask = 2147483647;
			files = (
			);
			runOnlyForDeploymentPostprocessing = 0;
		};
		7CB9D4D929E0484A007005F0 /* Frameworks */ = {
			isa = PBXFrameworksBuildPhase;
			buildActionMask = 2147483647;
			files = (
			);
			runOnlyForDeploymentPostprocessing = 0;
		};
		7CB9D4F029E0487B007005F0 /* Frameworks */ = {
			isa = PBXFrameworksBuildPhase;
			buildActionMask = 2147483647;
			files = (
			);
			runOnlyForDeploymentPostprocessing = 0;
		};
/* End PBXFrameworksBuildPhase section */

/* Begin PBXGroup section */
		7C64610629E04DFA007F2348 /* Tests */ = {
			isa = PBXGroup;
			children = (
				7CB9D4F429E0487B007005F0 /* FolderifySnapshotTests */,
				7CB9D4DF29E0484A007005F0 /* FolderifyUITests */,
				7CB9D4D529E0484A007005F0 /* FolderifyTests */,
			);
			path = Tests;
			sourceTree = "<group>";
		};
		7C64610729E04EB6007F2348 /* Frameworks */ = {
			isa = PBXGroup;
			children = (
				7C2FCD9A29E34CDC00C9DA88 /* CoreAudioTypes.framework */,
			);
			name = Frameworks;
			sourceTree = "<group>";
		};
		7C64610A29E05022007F2348 /* Modules */ = {
			isa = PBXGroup;
			children = (
				7CDFD8BF29E0548F00356350 /* FolderViewer */,
				7CDFD8BE29E053F700356350 /* Login */,
			);
			path = Modules;
			sourceTree = "<group>";
		};
		7C9ABBA429E1904300602EB1 /* Application */ = {
			isa = PBXGroup;
			children = (
				7C9ABBA229E1903B00602EB1 /* ApplicationDelegate.swift */,
				7C9ABBA529E190CC00602EB1 /* SceneDelegate.swift */,
				7C9ABBA729E1912700602EB1 /* ApplicationBootstrap.swift */,
			);
			path = Application;
			sourceTree = "<group>";
		};
		7CB9D4B929E04849007005F0 = {
			isa = PBXGroup;
			children = (
				7C64610A29E05022007F2348 /* Modules */,
				7C64610629E04DFA007F2348 /* Tests */,
				7CB9D50029E04B95007005F0 /* Folderify */,
				7CB9D4FF29E04B89007005F0 /* Packages */,
				7CB9D4C329E04849007005F0 /* Products */,
				7C64610729E04EB6007F2348 /* Frameworks */,
			);
			sourceTree = "<group>";
		};
		7CB9D4C329E04849007005F0 /* Products */ = {
			isa = PBXGroup;
			children = (
				7CB9D4C229E04849007005F0 /* Folderify.app */,
				7CB9D4D229E0484A007005F0 /* FolderifyUnitTests.xctest */,
				7CB9D4DC29E0484A007005F0 /* FolderifyUITests.xctest */,
				7CB9D4F329E0487B007005F0 /* FolderifySnapshotTests.xctest */,
			);
			name = Products;
			sourceTree = "<group>";
		};
		7CB9D4CB29E0484A007005F0 /* Preview Content */ = {
			isa = PBXGroup;
			children = (
				7CB9D4CC29E0484A007005F0 /* Preview Assets.xcassets */,
			);
			path = "Preview Content";
			sourceTree = "<group>";
		};
		7CB9D4D529E0484A007005F0 /* FolderifyTests */ = {
			isa = PBXGroup;
			children = (
				7CB9D4D629E0484A007005F0 /* FolderifyTests.swift */,
			);
			path = FolderifyTests;
			sourceTree = "<group>";
		};
		7CB9D4DF29E0484A007005F0 /* FolderifyUITests */ = {
			isa = PBXGroup;
			children = (
				7CB9D4E029E0484A007005F0 /* FolderifyUITests.swift */,
			);
			path = FolderifyUITests;
			sourceTree = "<group>";
		};
		7CB9D4F429E0487B007005F0 /* FolderifySnapshotTests */ = {
			isa = PBXGroup;
			children = (
				7CB9D4F529E0487B007005F0 /* FolderifySnapshotTests.swift */,
			);
			path = FolderifySnapshotTests;
			sourceTree = "<group>";
		};
		7CB9D4FF29E04B89007005F0 /* Packages */ = {
			isa = PBXGroup;
			children = (
				7CDFD8C429E0575400356350 /* World */,
				7CDFD8BD29E0537C00356350 /* Prelude */,
				7CDFD8BC29E0535200356350 /* Networking */,
				7CDFD8BB29E0531600356350 /* DesignSystem */,
				7CB9D4FC29E04AAD007005F0 /* Architecture */,
			);
			path = Packages;
			sourceTree = "<group>";
		};
		7CB9D50029E04B95007005F0 /* Folderify */ = {
			isa = PBXGroup;
			children = (
				7C9ABBA929E1937300602EB1 /* Info.plist */,
				7C9ABBA429E1904300602EB1 /* Application */,
				7CB9D4C929E0484A007005F0 /* Assets.xcassets */,
				7CB9D4CB29E0484A007005F0 /* Preview Content */,
			);
			path = Folderify;
			sourceTree = "<group>";
		};
/* End PBXGroup section */

/* Begin PBXNativeTarget section */
		7CB9D4C129E04849007005F0 /* Folderify */ = {
			isa = PBXNativeTarget;
			buildConfigurationList = 7CB9D4E629E0484A007005F0 /* Build configuration list for PBXNativeTarget "Folderify" */;
			buildPhases = (
				7CB9D4BE29E04849007005F0 /* Sources */,
				7CB9D4BF29E04849007005F0 /* Frameworks */,
				7CB9D4C029E04849007005F0 /* Resources */,
			);
			buildRules = (
			);
			dependencies = (
			);
			name = Folderify;
			packageProductDependencies = (
				7CD731F129E063AD00C8B6FE /* Architecture */,
				7CD731F329E063AD00C8B6FE /* DesignSystem */,
				7CD731F529E063AD00C8B6FE /* FolderViewer */,
				7CD731F929E063AD00C8B6FE /* Networking */,
				7CD731FB29E063AD00C8B6FE /* Prelude */,
				7CD731FD29E063AD00C8B6FE /* World */,
				7C2FCD9729E34B8C00C9DA88 /* Login */,
			);
			productName = Folderify;
			productReference = 7CB9D4C229E04849007005F0 /* Folderify.app */;
			productType = "com.apple.product-type.application";
		};
		7CB9D4D129E0484A007005F0 /* FolderifyUnitTests */ = {
			isa = PBXNativeTarget;
			buildConfigurationList = 7CB9D4E929E0484A007005F0 /* Build configuration list for PBXNativeTarget "FolderifyUnitTests" */;
			buildPhases = (
				7CB9D4CE29E0484A007005F0 /* Sources */,
				7CB9D4CF29E0484A007005F0 /* Frameworks */,
				7CB9D4D029E0484A007005F0 /* Resources */,
			);
			buildRules = (
			);
			dependencies = (
				7CB9D4D429E0484A007005F0 /* PBXTargetDependency */,
			);
			name = FolderifyUnitTests;
			productName = FolderifyTests;
			productReference = 7CB9D4D229E0484A007005F0 /* FolderifyUnitTests.xctest */;
			productType = "com.apple.product-type.bundle.unit-test";
		};
		7CB9D4DB29E0484A007005F0 /* FolderifyUITests */ = {
			isa = PBXNativeTarget;
			buildConfigurationList = 7CB9D4EC29E0484A007005F0 /* Build configuration list for PBXNativeTarget "FolderifyUITests" */;
			buildPhases = (
				7CB9D4D829E0484A007005F0 /* Sources */,
				7CB9D4D929E0484A007005F0 /* Frameworks */,
				7CB9D4DA29E0484A007005F0 /* Resources */,
			);
			buildRules = (
			);
			dependencies = (
				7CB9D4DE29E0484A007005F0 /* PBXTargetDependency */,
			);
			name = FolderifyUITests;
			productName = FolderifyUITests;
			productReference = 7CB9D4DC29E0484A007005F0 /* FolderifyUITests.xctest */;
			productType = "com.apple.product-type.bundle.ui-testing";
		};
		7CB9D4F229E0487B007005F0 /* FolderifySnapshotTests */ = {
			isa = PBXNativeTarget;
			buildConfigurationList = 7CB9D4FB29E0487B007005F0 /* Build configuration list for PBXNativeTarget "FolderifySnapshotTests" */;
			buildPhases = (
				7CB9D4EF29E0487B007005F0 /* Sources */,
				7CB9D4F029E0487B007005F0 /* Frameworks */,
				7CB9D4F129E0487B007005F0 /* Resources */,
			);
			buildRules = (
			);
			dependencies = (
				7CB9D4F829E0487B007005F0 /* PBXTargetDependency */,
			);
			name = FolderifySnapshotTests;
			productName = FolderifySnapshotTests;
			productReference = 7CB9D4F329E0487B007005F0 /* FolderifySnapshotTests.xctest */;
			productType = "com.apple.product-type.bundle.unit-test";
		};
/* End PBXNativeTarget section */

/* Begin PBXProject section */
		7CB9D4BA29E04849007005F0 /* Project object */ = {
			isa = PBXProject;
			attributes = {
				BuildIndependentTargetsInParallel = 1;
				LastSwiftUpdateCheck = 1420;
				LastUpgradeCheck = 1420;
				TargetAttributes = {
					7CB9D4C129E04849007005F0 = {
						CreatedOnToolsVersion = 14.2;
					};
					7CB9D4D129E0484A007005F0 = {
						CreatedOnToolsVersion = 14.2;
						TestTargetID = 7CB9D4C129E04849007005F0;
					};
					7CB9D4DB29E0484A007005F0 = {
						CreatedOnToolsVersion = 14.2;
						TestTargetID = 7CB9D4C129E04849007005F0;
					};
					7CB9D4F229E0487B007005F0 = {
						CreatedOnToolsVersion = 14.2;
						TestTargetID = 7CB9D4C129E04849007005F0;
					};
				};
			};
			buildConfigurationList = 7CB9D4BD29E04849007005F0 /* Build configuration list for PBXProject "Folderify" */;
			compatibilityVersion = "Xcode 14.0";
			developmentRegion = en;
			hasScannedForEncodings = 0;
			knownRegions = (
				en,
				Base,
			);
			mainGroup = 7CB9D4B929E04849007005F0;
			productRefGroup = 7CB9D4C329E04849007005F0 /* Products */;
			projectDirPath = "";
			projectRoot = "";
			targets = (
				7CB9D4C129E04849007005F0 /* Folderify */,
				7CB9D4D129E0484A007005F0 /* FolderifyUnitTests */,
				7CB9D4F229E0487B007005F0 /* FolderifySnapshotTests */,
				7CB9D4DB29E0484A007005F0 /* FolderifyUITests */,
			);
		};
/* End PBXProject section */

/* Begin PBXResourcesBuildPhase section */
		7CB9D4C029E04849007005F0 /* Resources */ = {
			isa = PBXResourcesBuildPhase;
			buildActionMask = 2147483647;
			files = (
				7CB9D4CD29E0484A007005F0 /* Preview Assets.xcassets in Resources */,
				7CB9D4CA29E0484A007005F0 /* Assets.xcassets in Resources */,
			);
			runOnlyForDeploymentPostprocessing = 0;
		};
		7CB9D4D029E0484A007005F0 /* Resources */ = {
			isa = PBXResourcesBuildPhase;
			buildActionMask = 2147483647;
			files = (
			);
			runOnlyForDeploymentPostprocessing = 0;
		};
		7CB9D4DA29E0484A007005F0 /* Resources */ = {
			isa = PBXResourcesBuildPhase;
			buildActionMask = 2147483647;
			files = (
			);
			runOnlyForDeploymentPostprocessing = 0;
		};
		7CB9D4F129E0487B007005F0 /* Resources */ = {
			isa = PBXResourcesBuildPhase;
			buildActionMask = 2147483647;
			files = (
			);
			runOnlyForDeploymentPostprocessing = 0;
		};
/* End PBXResourcesBuildPhase section */

/* Begin PBXSourcesBuildPhase section */
		7CB9D4BE29E04849007005F0 /* Sources */ = {
			isa = PBXSourcesBuildPhase;
			buildActionMask = 2147483647;
			files = (
				7C9ABBA329E1903B00602EB1 /* ApplicationDelegate.swift in Sources */,
				7C9ABBA629E190CC00602EB1 /* SceneDelegate.swift in Sources */,
				7C9ABBA829E1912700602EB1 /* ApplicationBootstrap.swift in Sources */,
			);
			runOnlyForDeploymentPostprocessing = 0;
		};
		7CB9D4CE29E0484A007005F0 /* Sources */ = {
			isa = PBXSourcesBuildPhase;
			buildActionMask = 2147483647;
			files = (
				7CB9D4D729E0484A007005F0 /* FolderifyTests.swift in Sources */,
			);
			runOnlyForDeploymentPostprocessing = 0;
		};
		7CB9D4D829E0484A007005F0 /* Sources */ = {
			isa = PBXSourcesBuildPhase;
			buildActionMask = 2147483647;
			files = (
				7CB9D4E129E0484A007005F0 /* FolderifyUITests.swift in Sources */,
			);
			runOnlyForDeploymentPostprocessing = 0;
		};
		7CB9D4EF29E0487B007005F0 /* Sources */ = {
			isa = PBXSourcesBuildPhase;
			buildActionMask = 2147483647;
			files = (
				7CB9D4F629E0487B007005F0 /* FolderifySnapshotTests.swift in Sources */,
			);
			runOnlyForDeploymentPostprocessing = 0;
		};
/* End PBXSourcesBuildPhase section */

/* Begin PBXTargetDependency section */
		7CB9D4D429E0484A007005F0 /* PBXTargetDependency */ = {
			isa = PBXTargetDependency;
			target = 7CB9D4C129E04849007005F0 /* Folderify */;
			targetProxy = 7CB9D4D329E0484A007005F0 /* PBXContainerItemProxy */;
		};
		7CB9D4DE29E0484A007005F0 /* PBXTargetDependency */ = {
			isa = PBXTargetDependency;
			target = 7CB9D4C129E04849007005F0 /* Folderify */;
			targetProxy = 7CB9D4DD29E0484A007005F0 /* PBXContainerItemProxy */;
		};
		7CB9D4F829E0487B007005F0 /* PBXTargetDependency */ = {
			isa = PBXTargetDependency;
			target = 7CB9D4C129E04849007005F0 /* Folderify */;
			targetProxy = 7CB9D4F729E0487B007005F0 /* PBXContainerItemProxy */;
		};
/* End PBXTargetDependency section */

/* Begin XCBuildConfiguration section */
		7CB9D4E429E0484A007005F0 /* Debug */ = {
			isa = XCBuildConfiguration;
			buildSettings = {
				ALWAYS_SEARCH_USER_PATHS = NO;
				CLANG_ANALYZER_NONNULL = YES;
				CLANG_ANALYZER_NUMBER_OBJECT_CONVERSION = YES_AGGRESSIVE;
				CLANG_CXX_LANGUAGE_STANDARD = "gnu++20";
				CLANG_ENABLE_MODULES = YES;
				CLANG_ENABLE_OBJC_ARC = YES;
				CLANG_ENABLE_OBJC_WEAK = YES;
				CLANG_WARN_BLOCK_CAPTURE_AUTORELEASING = YES;
				CLANG_WARN_BOOL_CONVERSION = YES;
				CLANG_WARN_COMMA = YES;
				CLANG_WARN_CONSTANT_CONVERSION = YES;
				CLANG_WARN_DEPRECATED_OBJC_IMPLEMENTATIONS = YES;
				CLANG_WARN_DIRECT_OBJC_ISA_USAGE = YES_ERROR;
				CLANG_WARN_DOCUMENTATION_COMMENTS = YES;
				CLANG_WARN_EMPTY_BODY = YES;
				CLANG_WARN_ENUM_CONVERSION = YES;
				CLANG_WARN_INFINITE_RECURSION = YES;
				CLANG_WARN_INT_CONVERSION = YES;
				CLANG_WARN_NON_LITERAL_NULL_CONVERSION = YES;
				CLANG_WARN_OBJC_IMPLICIT_RETAIN_SELF = YES;
				CLANG_WARN_OBJC_LITERAL_CONVERSION = YES;
				CLANG_WARN_OBJC_ROOT_CLASS = YES_ERROR;
				CLANG_WARN_QUOTED_INCLUDE_IN_FRAMEWORK_HEADER = YES;
				CLANG_WARN_RANGE_LOOP_ANALYSIS = YES;
				CLANG_WARN_STRICT_PROTOTYPES = YES;
				CLANG_WARN_SUSPICIOUS_MOVE = YES;
				CLANG_WARN_UNGUARDED_AVAILABILITY = YES_AGGRESSIVE;
				CLANG_WARN_UNREACHABLE_CODE = YES;
				CLANG_WARN__DUPLICATE_METHOD_MATCH = YES;
				COPY_PHASE_STRIP = NO;
				DEBUG_INFORMATION_FORMAT = dwarf;
				ENABLE_STRICT_OBJC_MSGSEND = YES;
				ENABLE_TESTABILITY = YES;
				GCC_C_LANGUAGE_STANDARD = gnu11;
				GCC_DYNAMIC_NO_PIC = NO;
				GCC_NO_COMMON_BLOCKS = YES;
				GCC_OPTIMIZATION_LEVEL = 0;
				GCC_PREPROCESSOR_DEFINITIONS = (
					"DEBUG=1",
					"$(inherited)",
				);
				GCC_WARN_64_TO_32_BIT_CONVERSION = YES;
				GCC_WARN_ABOUT_RETURN_TYPE = YES_ERROR;
				GCC_WARN_UNDECLARED_SELECTOR = YES;
				GCC_WARN_UNINITIALIZED_AUTOS = YES_AGGRESSIVE;
				GCC_WARN_UNUSED_FUNCTION = YES;
				GCC_WARN_UNUSED_VARIABLE = YES;
				IPHONEOS_DEPLOYMENT_TARGET = 14.0;
				MTL_ENABLE_DEBUG_INFO = INCLUDE_SOURCE;
				MTL_FAST_MATH = YES;
				ONLY_ACTIVE_ARCH = YES;
				SDKROOT = iphoneos;
				SWIFT_ACTIVE_COMPILATION_CONDITIONS = DEBUG;
				SWIFT_OPTIMIZATION_LEVEL = "-Onone";
			};
			name = Debug;
		};
		7CB9D4E529E0484A007005F0 /* Release */ = {
			isa = XCBuildConfiguration;
			buildSettings = {
				ALWAYS_SEARCH_USER_PATHS = NO;
				CLANG_ANALYZER_NONNULL = YES;
				CLANG_ANALYZER_NUMBER_OBJECT_CONVERSION = YES_AGGRESSIVE;
				CLANG_CXX_LANGUAGE_STANDARD = "gnu++20";
				CLANG_ENABLE_MODULES = YES;
				CLANG_ENABLE_OBJC_ARC = YES;
				CLANG_ENABLE_OBJC_WEAK = YES;
				CLANG_WARN_BLOCK_CAPTURE_AUTORELEASING = YES;
				CLANG_WARN_BOOL_CONVERSION = YES;
				CLANG_WARN_COMMA = YES;
				CLANG_WARN_CONSTANT_CONVERSION = YES;
				CLANG_WARN_DEPRECATED_OBJC_IMPLEMENTATIONS = YES;
				CLANG_WARN_DIRECT_OBJC_ISA_USAGE = YES_ERROR;
				CLANG_WARN_DOCUMENTATION_COMMENTS = YES;
				CLANG_WARN_EMPTY_BODY = YES;
				CLANG_WARN_ENUM_CONVERSION = YES;
				CLANG_WARN_INFINITE_RECURSION = YES;
				CLANG_WARN_INT_CONVERSION = YES;
				CLANG_WARN_NON_LITERAL_NULL_CONVERSION = YES;
				CLANG_WARN_OBJC_IMPLICIT_RETAIN_SELF = YES;
				CLANG_WARN_OBJC_LITERAL_CONVERSION = YES;
				CLANG_WARN_OBJC_ROOT_CLASS = YES_ERROR;
				CLANG_WARN_QUOTED_INCLUDE_IN_FRAMEWORK_HEADER = YES;
				CLANG_WARN_RANGE_LOOP_ANALYSIS = YES;
				CLANG_WARN_STRICT_PROTOTYPES = YES;
				CLANG_WARN_SUSPICIOUS_MOVE = YES;
				CLANG_WARN_UNGUARDED_AVAILABILITY = YES_AGGRESSIVE;
				CLANG_WARN_UNREACHABLE_CODE = YES;
				CLANG_WARN__DUPLICATE_METHOD_MATCH = YES;
				COPY_PHASE_STRIP = NO;
				DEBUG_INFORMATION_FORMAT = "dwarf-with-dsym";
				ENABLE_NS_ASSERTIONS = NO;
				ENABLE_STRICT_OBJC_MSGSEND = YES;
				GCC_C_LANGUAGE_STANDARD = gnu11;
				GCC_NO_COMMON_BLOCKS = YES;
				GCC_WARN_64_TO_32_BIT_CONVERSION = YES;
				GCC_WARN_ABOUT_RETURN_TYPE = YES_ERROR;
				GCC_WARN_UNDECLARED_SELECTOR = YES;
				GCC_WARN_UNINITIALIZED_AUTOS = YES_AGGRESSIVE;
				GCC_WARN_UNUSED_FUNCTION = YES;
				GCC_WARN_UNUSED_VARIABLE = YES;
				IPHONEOS_DEPLOYMENT_TARGET = 14.0;
				MTL_ENABLE_DEBUG_INFO = NO;
				MTL_FAST_MATH = YES;
				SDKROOT = iphoneos;
				SWIFT_COMPILATION_MODE = wholemodule;
				SWIFT_OPTIMIZATION_LEVEL = "-O";
				VALIDATE_PRODUCT = YES;
			};
			name = Release;
		};
		7CB9D4E729E0484A007005F0 /* Debug */ = {
			isa = XCBuildConfiguration;
			buildSettings = {
				ASSETCATALOG_COMPILER_APPICON_NAME = AppIcon;
				ASSETCATALOG_COMPILER_GLOBAL_ACCENT_COLOR_NAME = AccentColor;
				CODE_SIGN_STYLE = Manual;
				CURRENT_PROJECT_VERSION = 1;
				DEVELOPMENT_ASSET_PATHS = "\"Folderify/Preview Content\"";
				DEVELOPMENT_TEAM = "";
				ENABLE_PREVIEWS = YES;
				GENERATE_INFOPLIST_FILE = YES;
				INFOPLIST_FILE = Folderify/Info.plist;
				INFOPLIST_KEY_CFBundleDisplayName = Folderify;
				INFOPLIST_KEY_LSApplicationCategoryType = "public.app-category.utilities";
				INFOPLIST_KEY_UIApplicationSupportsIndirectInputEvents = YES;
				INFOPLIST_KEY_UILaunchScreen_Generation = YES;
				INFOPLIST_KEY_UISupportedInterfaceOrientations = UIInterfaceOrientationPortrait;
				IPHONEOS_DEPLOYMENT_TARGET = 15.0;
				LD_RUNPATH_SEARCH_PATHS = (
					"$(inherited)",
					"@executable_path/Frameworks",
				);
				MARKETING_VERSION = 1.0;
				PRODUCT_BUNDLE_IDENTIFIER = techbrewery.Folderify;
				PRODUCT_NAME = "$(TARGET_NAME)";
				PROVISIONING_PROFILE_SPECIFIER = "";
				SUPPORTED_PLATFORMS = "iphoneos iphonesimulator";
				SUPPORTS_MACCATALYST = NO;
				SUPPORTS_MAC_DESIGNED_FOR_IPHONE_IPAD = NO;
				SWIFT_EMIT_LOC_STRINGS = YES;
				SWIFT_VERSION = 5.0;
				TARGETED_DEVICE_FAMILY = 1;
			};
			name = Debug;
		};
		7CB9D4E829E0484A007005F0 /* Release */ = {
			isa = XCBuildConfiguration;
			buildSettings = {
				ASSETCATALOG_COMPILER_APPICON_NAME = AppIcon;
				ASSETCATALOG_COMPILER_GLOBAL_ACCENT_COLOR_NAME = AccentColor;
				CODE_SIGN_STYLE = Manual;
				CURRENT_PROJECT_VERSION = 1;
				DEVELOPMENT_ASSET_PATHS = "\"Folderify/Preview Content\"";
				DEVELOPMENT_TEAM = "";
				ENABLE_PREVIEWS = YES;
				GENERATE_INFOPLIST_FILE = YES;
				INFOPLIST_FILE = Folderify/Info.plist;
				INFOPLIST_KEY_CFBundleDisplayName = Folderify;
				INFOPLIST_KEY_LSApplicationCategoryType = "public.app-category.utilities";
				INFOPLIST_KEY_UIApplicationSupportsIndirectInputEvents = YES;
				INFOPLIST_KEY_UILaunchScreen_Generation = YES;
				INFOPLIST_KEY_UISupportedInterfaceOrientations = UIInterfaceOrientationPortrait;
				IPHONEOS_DEPLOYMENT_TARGET = 15.0;
				LD_RUNPATH_SEARCH_PATHS = (
					"$(inherited)",
					"@executable_path/Frameworks",
				);
				MARKETING_VERSION = 1.0;
				PRODUCT_BUNDLE_IDENTIFIER = techbrewery.Folderify;
				PRODUCT_NAME = "$(TARGET_NAME)";
				PROVISIONING_PROFILE_SPECIFIER = "";
				SUPPORTED_PLATFORMS = "iphoneos iphonesimulator";
				SUPPORTS_MACCATALYST = NO;
				SUPPORTS_MAC_DESIGNED_FOR_IPHONE_IPAD = NO;
				SWIFT_EMIT_LOC_STRINGS = YES;
				SWIFT_VERSION = 5.0;
				TARGETED_DEVICE_FAMILY = 1;
			};
			name = Release;
		};
		7CB9D4EA29E0484A007005F0 /* Debug */ = {
			isa = XCBuildConfiguration;
			buildSettings = {
				ALWAYS_EMBED_SWIFT_STANDARD_LIBRARIES = YES;
				BUNDLE_LOADER = "$(TEST_HOST)";
				CODE_SIGN_STYLE = Automatic;
				CURRENT_PROJECT_VERSION = 1;
				GENERATE_INFOPLIST_FILE = YES;
				IPHONEOS_DEPLOYMENT_TARGET = 16.2;
				MARKETING_VERSION = 1.0;
				PRODUCT_BUNDLE_IDENTIFIER = techbrewery.FolderifyTests;
				PRODUCT_NAME = "$(TARGET_NAME)";
				SWIFT_EMIT_LOC_STRINGS = NO;
				SWIFT_VERSION = 5.0;
				TARGETED_DEVICE_FAMILY = "1,2";
				TEST_HOST = "$(BUILT_PRODUCTS_DIR)/Folderify.app/$(BUNDLE_EXECUTABLE_FOLDER_PATH)/Folderify";
			};
			name = Debug;
		};
		7CB9D4EB29E0484A007005F0 /* Release */ = {
			isa = XCBuildConfiguration;
			buildSettings = {
				ALWAYS_EMBED_SWIFT_STANDARD_LIBRARIES = YES;
				BUNDLE_LOADER = "$(TEST_HOST)";
				CODE_SIGN_STYLE = Automatic;
				CURRENT_PROJECT_VERSION = 1;
				GENERATE_INFOPLIST_FILE = YES;
				IPHONEOS_DEPLOYMENT_TARGET = 16.2;
				MARKETING_VERSION = 1.0;
				PRODUCT_BUNDLE_IDENTIFIER = techbrewery.FolderifyTests;
				PRODUCT_NAME = "$(TARGET_NAME)";
				SWIFT_EMIT_LOC_STRINGS = NO;
				SWIFT_VERSION = 5.0;
				TARGETED_DEVICE_FAMILY = "1,2";
				TEST_HOST = "$(BUILT_PRODUCTS_DIR)/Folderify.app/$(BUNDLE_EXECUTABLE_FOLDER_PATH)/Folderify";
			};
			name = Release;
		};
		7CB9D4ED29E0484A007005F0 /* Debug */ = {
			isa = XCBuildConfiguration;
			buildSettings = {
				ALWAYS_EMBED_SWIFT_STANDARD_LIBRARIES = YES;
				CODE_SIGN_STYLE = Automatic;
				CURRENT_PROJECT_VERSION = 1;
				GENERATE_INFOPLIST_FILE = YES;
				MARKETING_VERSION = 1.0;
				PRODUCT_BUNDLE_IDENTIFIER = techbrewery.FolderifyUITests;
				PRODUCT_NAME = "$(TARGET_NAME)";
				SWIFT_EMIT_LOC_STRINGS = NO;
				SWIFT_VERSION = 5.0;
				TARGETED_DEVICE_FAMILY = "1,2";
				TEST_TARGET_NAME = Folderify;
			};
			name = Debug;
		};
		7CB9D4EE29E0484A007005F0 /* Release */ = {
			isa = XCBuildConfiguration;
			buildSettings = {
				ALWAYS_EMBED_SWIFT_STANDARD_LIBRARIES = YES;
				CODE_SIGN_STYLE = Automatic;
				CURRENT_PROJECT_VERSION = 1;
				GENERATE_INFOPLIST_FILE = YES;
				MARKETING_VERSION = 1.0;
				PRODUCT_BUNDLE_IDENTIFIER = techbrewery.FolderifyUITests;
				PRODUCT_NAME = "$(TARGET_NAME)";
				SWIFT_EMIT_LOC_STRINGS = NO;
				SWIFT_VERSION = 5.0;
				TARGETED_DEVICE_FAMILY = "1,2";
				TEST_TARGET_NAME = Folderify;
			};
			name = Release;
		};
		7CB9D4F929E0487B007005F0 /* Debug */ = {
			isa = XCBuildConfiguration;
			buildSettings = {
				BUNDLE_LOADER = "$(TEST_HOST)";
				CODE_SIGN_STYLE = Automatic;
				CURRENT_PROJECT_VERSION = 1;
				GENERATE_INFOPLIST_FILE = YES;
				MARKETING_VERSION = 1.0;
				PRODUCT_BUNDLE_IDENTIFIER = techbrewery.FolderifySnapshotTests;
				PRODUCT_NAME = "$(TARGET_NAME)";
				SWIFT_EMIT_LOC_STRINGS = NO;
				SWIFT_VERSION = 5.0;
				TARGETED_DEVICE_FAMILY = "1,2";
				TEST_HOST = "$(BUILT_PRODUCTS_DIR)/Folderify.app/$(BUNDLE_EXECUTABLE_FOLDER_PATH)/Folderify";
			};
			name = Debug;
		};
		7CB9D4FA29E0487B007005F0 /* Release */ = {
			isa = XCBuildConfiguration;
			buildSettings = {
				BUNDLE_LOADER = "$(TEST_HOST)";
				CODE_SIGN_STYLE = Automatic;
				CURRENT_PROJECT_VERSION = 1;
				GENERATE_INFOPLIST_FILE = YES;
				MARKETING_VERSION = 1.0;
				PRODUCT_BUNDLE_IDENTIFIER = techbrewery.FolderifySnapshotTests;
				PRODUCT_NAME = "$(TARGET_NAME)";
				SWIFT_EMIT_LOC_STRINGS = NO;
				SWIFT_VERSION = 5.0;
				TARGETED_DEVICE_FAMILY = "1,2";
				TEST_HOST = "$(BUILT_PRODUCTS_DIR)/Folderify.app/$(BUNDLE_EXECUTABLE_FOLDER_PATH)/Folderify";
			};
			name = Release;
		};
/* End XCBuildConfiguration section */

/* Begin XCConfigurationList section */
		7CB9D4BD29E04849007005F0 /* Build configuration list for PBXProject "Folderify" */ = {
			isa = XCConfigurationList;
			buildConfigurations = (
				7CB9D4E429E0484A007005F0 /* Debug */,
				7CB9D4E529E0484A007005F0 /* Release */,
			);
			defaultConfigurationIsVisible = 0;
			defaultConfigurationName = Release;
		};
		7CB9D4E629E0484A007005F0 /* Build configuration list for PBXNativeTarget "Folderify" */ = {
			isa = XCConfigurationList;
			buildConfigurations = (
				7CB9D4E729E0484A007005F0 /* Debug */,
				7CB9D4E829E0484A007005F0 /* Release */,
			);
			defaultConfigurationIsVisible = 0;
			defaultConfigurationName = Release;
		};
		7CB9D4E929E0484A007005F0 /* Build configuration list for PBXNativeTarget "FolderifyUnitTests" */ = {
			isa = XCConfigurationList;
			buildConfigurations = (
				7CB9D4EA29E0484A007005F0 /* Debug */,
				7CB9D4EB29E0484A007005F0 /* Release */,
			);
			defaultConfigurationIsVisible = 0;
			defaultConfigurationName = Release;
		};
		7CB9D4EC29E0484A007005F0 /* Build configuration list for PBXNativeTarget "FolderifyUITests" */ = {
			isa = XCConfigurationList;
			buildConfigurations = (
				7CB9D4ED29E0484A007005F0 /* Debug */,
				7CB9D4EE29E0484A007005F0 /* Release */,
			);
			defaultConfigurationIsVisible = 0;
			defaultConfigurationName = Release;
		};
		7CB9D4FB29E0487B007005F0 /* Build configuration list for PBXNativeTarget "FolderifySnapshotTests" */ = {
			isa = XCConfigurationList;
			buildConfigurations = (
				7CB9D4F929E0487B007005F0 /* Debug */,
				7CB9D4FA29E0487B007005F0 /* Release */,
			);
			defaultConfigurationIsVisible = 0;
			defaultConfigurationName = Release;
		};
/* End XCConfigurationList section */

/* Begin XCSwiftPackageProductDependency section */
		7C2FCD9729E34B8C00C9DA88 /* Login */ = {
			isa = XCSwiftPackageProductDependency;
			productName = Login;
		};
		7CD731F129E063AD00C8B6FE /* Architecture */ = {
			isa = XCSwiftPackageProductDependency;
			productName = Architecture;
		};
		7CD731F329E063AD00C8B6FE /* DesignSystem */ = {
			isa = XCSwiftPackageProductDependency;
			productName = DesignSystem;
		};
		7CD731F529E063AD00C8B6FE /* FolderViewer */ = {
			isa = XCSwiftPackageProductDependency;
			productName = FolderViewer;
		};
		7CD731F929E063AD00C8B6FE /* Networking */ = {
			isa = XCSwiftPackageProductDependency;
			productName = Networking;
		};
		7CD731FB29E063AD00C8B6FE /* Prelude */ = {
			isa = XCSwiftPackageProductDependency;
			productName = Prelude;
		};
		7CD731FD29E063AD00C8B6FE /* World */ = {
			isa = XCSwiftPackageProductDependency;
			productName = World;
		};
/* End XCSwiftPackageProductDependency section */
	};
	rootObject = 7CB9D4BA29E04849007005F0 /* Project object */;
}
